
Microsoft Visual Studio Solution File, Format Version 11.00
# Visual Studio 2010
Project("{FAE04EC0-301F-11D3-BF4B-00C04F79EFBC}") = "Skelearn", "Assembly-CSharp.csproj", "{09788C36-F121-7922-187C-F56D353164F2}"
EndProject
Project("{FAE04EC0-301F-11D3-BF4B-00C04F79EFBC}") = "Skelearn", "Assembly-CSharp-Editor.csproj", "{9628143E-94A5-9DA4-F97C-500F1D6C884C}"
EndProject
Project("{421A8208-0D2E-B532-00CD-BB25AC46FD72}") = "Skelearn", "Assembly-UnityScript-Editor-firstpass.unityproj", "{17B3DF99-A513-5AE5-3F47-6A119D4D811A}"
EndProject
Global
	GlobalSection(SolutionConfigurationPlatforms) = preSolution
		Debug|Any CPU = Debug|Any CPU
		Release|Any CPU = Release|Any CPU
	EndGlobalSection
	GlobalSection(ProjectConfigurationPlatforms) = postSolution
		{09788C36-F121-7922-187C-F56D353164F2}.Debug|Any CPU.ActiveCfg = Debug|Any CPU
		{09788C36-F121-7922-187C-F56D353164F2}.Debug|Any CPU.Build.0 = Debug|Any CPU
		{09788C36-F121-7922-187C-F56D353164F2}.Release|Any CPU.ActiveCfg = Release|Any CPU
		{09788C36-F121-7922-187C-F56D353164F2}.Release|Any CPU.Build.0 = Release|Any CPU
		{9628143E-94A5-9DA4-F97C-500F1D6C884C}.Debug|Any CPU.ActiveCfg = Debug|Any CPU
		{9628143E-94A5-9DA4-F97C-500F1D6C884C}.Debug|Any CPU.Build.0 = Debug|Any CPU
		{9628143E-94A5-9DA4-F97C-500F1D6C884C}.Release|Any CPU.ActiveCfg = Release|Any CPU
		{9628143E-94A5-9DA4-F97C-500F1D6C884C}.Release|Any CPU.Build.0 = Release|Any CPU
		{17B3DF99-A513-5AE5-3F47-6A119D4D811A}.Debug|Any CPU.ActiveCfg = Debug|Any CPU
		{17B3DF99-A513-5AE5-3F47-6A119D4D811A}.Debug|Any CPU.Build.0 = Debug|Any CPU
		{17B3DF99-A513-5AE5-3F47-6A119D4D811A}.Release|Any CPU.ActiveCfg = Release|Any CPU
		{17B3DF99-A513-5AE5-3F47-6A119D4D811A}.Release|Any CPU.Build.0 = Release|Any CPU
	EndGlobalSection
	GlobalSection(SolutionProperties) = preSolution
		HideSolutionNode = FALSE
	EndGlobalSection
	GlobalSection(MonoDevelopProperties) = preSolution
		StartupItem = Assembly-CSharp.csproj
	EndGlobalSection
EndGlobal
