
Microsoft Visual Studio Solution File, Format Version 11.00
# Visual Studio 2010
Project("{FAE04EC0-301F-11D3-BF4B-00C04F79EFBC}") = "SkelApp", "Assembly-CSharp.csproj", "{C98A4B6E-04E6-8FB9-ACDB-1EDCE631554D}"
EndProject
Project("{FAE04EC0-301F-11D3-BF4B-00C04F79EFBC}") = "SkelApp", "Assembly-CSharp-Editor.csproj", "{0D85D07B-9DE8-DB5A-2C1D-8A7FDC062770}"
EndProject
Project("{B9AA43A6-406E-0926-98DD-6DFB65ACE6EC}") = "SkelApp", "Assembly-UnityScript-Editor-firstpass.unityproj", "{FEE61A09-3EB3-A18F-7249-2FD58AE2E1BA}"
EndProject
Global
	GlobalSection(SolutionConfigurationPlatforms) = preSolution
		Debug|Any CPU = Debug|Any CPU
		Release|Any CPU = Release|Any CPU
	EndGlobalSection
	GlobalSection(ProjectConfigurationPlatforms) = postSolution
		{C98A4B6E-04E6-8FB9-ACDB-1EDCE631554D}.Debug|Any CPU.ActiveCfg = Debug|Any CPU
		{C98A4B6E-04E6-8FB9-ACDB-1EDCE631554D}.Debug|Any CPU.Build.0 = Debug|Any CPU
		{C98A4B6E-04E6-8FB9-ACDB-1EDCE631554D}.Release|Any CPU.ActiveCfg = Release|Any CPU
		{C98A4B6E-04E6-8FB9-ACDB-1EDCE631554D}.Release|Any CPU.Build.0 = Release|Any CPU
		{0D85D07B-9DE8-DB5A-2C1D-8A7FDC062770}.Debug|Any CPU.ActiveCfg = Debug|Any CPU
		{0D85D07B-9DE8-DB5A-2C1D-8A7FDC062770}.Debug|Any CPU.Build.0 = Debug|Any CPU
		{0D85D07B-9DE8-DB5A-2C1D-8A7FDC062770}.Release|Any CPU.ActiveCfg = Release|Any CPU
		{0D85D07B-9DE8-DB5A-2C1D-8A7FDC062770}.Release|Any CPU.Build.0 = Release|Any CPU
		{FEE61A09-3EB3-A18F-7249-2FD58AE2E1BA}.Debug|Any CPU.ActiveCfg = Debug|Any CPU
		{FEE61A09-3EB3-A18F-7249-2FD58AE2E1BA}.Debug|Any CPU.Build.0 = Debug|Any CPU
		{FEE61A09-3EB3-A18F-7249-2FD58AE2E1BA}.Release|Any CPU.ActiveCfg = Release|Any CPU
		{FEE61A09-3EB3-A18F-7249-2FD58AE2E1BA}.Release|Any CPU.Build.0 = Release|Any CPU
	EndGlobalSection
	GlobalSection(SolutionProperties) = preSolution
		HideSolutionNode = FALSE
	EndGlobalSection
	GlobalSection(MonoDevelopProperties) = preSolution
		StartupItem = Assembly-CSharp.csproj
	EndGlobalSection
EndGlobal
